// !$*UTF8*$!
{
	archiveVersion = 1;
	classes = {
	};
	objectVersion = 50;
	objects = {

/* Begin PBXBuildFile section */
		849FFB2924EE755600832A31 /* AppDelegate.swift in Sources */ = {isa = PBXBuildFile; fileRef = 849FFB2824EE755600832A31 /* AppDelegate.swift */; };
		849FFB2B24EE755600832A31 /* SceneDelegate.swift in Sources */ = {isa = PBXBuildFile; fileRef = 849FFB2A24EE755600832A31 /* SceneDelegate.swift */; };
		849FFB2D24EE755600832A31 /* ViewController.swift in Sources */ = {isa = PBXBuildFile; fileRef = 849FFB2C24EE755600832A31 /* ViewController.swift */; };
		849FFB3024EE755600832A31 /* Main.storyboard in Resources */ = {isa = PBXBuildFile; fileRef = 849FFB2E24EE755600832A31 /* Main.storyboard */; };
		849FFB3224EE755700832A31 /* Assets.xcassets in Resources */ = {isa = PBXBuildFile; fileRef = 849FFB3124EE755700832A31 /* Assets.xcassets */; };
		849FFB3524EE755700832A31 /* LaunchScreen.storyboard in Resources */ = {isa = PBXBuildFile; fileRef = 849FFB3324EE755700832A31 /* LaunchScreen.storyboard */; };
		849FFB4024EE755700832A31 /* WebviewUITestsCheckerTests.swift in Sources */ = {isa = PBXBuildFile; fileRef = 849FFB3F24EE755700832A31 /* WebviewUITestsCheckerTests.swift */; };
		849FFB4B24EE755700832A31 /* WebviewUITestsCheckerUITests.swift in Sources */ = {isa = PBXBuildFile; fileRef = 849FFB4A24EE755700832A31 /* WebviewUITestsCheckerUITests.swift */; };
/* End PBXBuildFile section */

/* Begin PBXContainerItemProxy section */
		849FFB3C24EE755700832A31 /* PBXContainerItemProxy */ = {
			isa = PBXContainerItemProxy;
			containerPortal = 849FFB1D24EE755600832A31 /* Project object */;
			proxyType = 1;
			remoteGlobalIDString = 849FFB2424EE755600832A31;
			remoteInfo = WebviewUITestsChecker;
		};
		849FFB4724EE755700832A31 /* PBXContainerItemProxy */ = {
			isa = PBXContainerItemProxy;
			containerPortal = 849FFB1D24EE755600832A31 /* Project object */;
			proxyType = 1;
			remoteGlobalIDString = 849FFB2424EE755600832A31;
			remoteInfo = WebviewUITestsChecker;
		};
/* End PBXContainerItemProxy section */

/* Begin PBXFileReference section */
		849FFB2524EE755600832A31 /* WebviewUITestsChecker.app */ = {isa = PBXFileReference; explicitFileType = wrapper.application; includeInIndex = 0; path = WebviewUITestsChecker.app; sourceTree = BUILT_PRODUCTS_DIR; };
		849FFB2824EE755600832A31 /* AppDelegate.swift */ = {isa = PBXFileReference; lastKnownFileType = sourcecode.swift; path = AppDelegate.swift; sourceTree = "<group>"; };
		849FFB2A24EE755600832A31 /* SceneDelegate.swift */ = {isa = PBXFileReference; lastKnownFileType = sourcecode.swift; path = SceneDelegate.swift; sourceTree = "<group>"; };
		849FFB2C24EE755600832A31 /* ViewController.swift */ = {isa = PBXFileReference; lastKnownFileType = sourcecode.swift; path = ViewController.swift; sourceTree = "<group>"; };
		849FFB2F24EE755600832A31 /* Base */ = {isa = PBXFileReference; lastKnownFileType = file.storyboard; name = Base; path = Base.lproj/Main.storyboard; sourceTree = "<group>"; };
		849FFB3124EE755700832A31 /* Assets.xcassets */ = {isa = PBXFileReference; lastKnownFileType = folder.assetcatalog; path = Assets.xcassets; sourceTree = "<group>"; };
		849FFB3424EE755700832A31 /* Base */ = {isa = PBXFileReference; lastKnownFileType = file.storyboard; name = Base; path = Base.lproj/LaunchScreen.storyboard; sourceTree = "<group>"; };
		849FFB3624EE755700832A31 /* Info.plist */ = {isa = PBXFileReference; lastKnownFileType = text.plist.xml; path = Info.plist; sourceTree = "<group>"; };
		849FFB3B24EE755700832A31 /* WebviewUITestsCheckerTests.xctest */ = {isa = PBXFileReference; explicitFileType = wrapper.cfbundle; includeInIndex = 0; path = WebviewUITestsCheckerTests.xctest; sourceTree = BUILT_PRODUCTS_DIR; };
		849FFB3F24EE755700832A31 /* WebviewUITestsCheckerTests.swift */ = {isa = PBXFileReference; lastKnownFileType = sourcecode.swift; path = WebviewUITestsCheckerTests.swift; sourceTree = "<group>"; };
		849FFB4124EE755700832A31 /* Info.plist */ = {isa = PBXFileReference; lastKnownFileType = text.plist.xml; path = Info.plist; sourceTree = "<group>"; };
		849FFB4624EE755700832A31 /* WebviewUITestsCheckerUITests.xctest */ = {isa = PBXFileReference; explicitFileType = wrapper.cfbundle; includeInIndex = 0; path = WebviewUITestsCheckerUITests.xctest; sourceTree = BUILT_PRODUCTS_DIR; };
		849FFB4A24EE755700832A31 /* WebviewUITestsCheckerUITests.swift */ = {isa = PBXFileReference; lastKnownFileType = sourcecode.swift; path = WebviewUITestsCheckerUITests.swift; sourceTree = "<group>"; };
		849FFB4C24EE755700832A31 /* Info.plist */ = {isa = PBXFileReference; lastKnownFileType = text.plist.xml; path = Info.plist; sourceTree = "<group>"; };
/* End PBXFileReference section */

/* Begin PBXFrameworksBuildPhase section */
		849FFB2224EE755600832A31 /* Frameworks */ = {
			isa = PBXFrameworksBuildPhase;
			buildActionMask = 2147483647;
			files = (
			);
			runOnlyForDeploymentPostprocessing = 0;
		};
		849FFB3824EE755700832A31 /* Frameworks */ = {
			isa = PBXFrameworksBuildPhase;
			buildActionMask = 2147483647;
			files = (
			);
			runOnlyForDeploymentPostprocessing = 0;
		};
		849FFB4324EE755700832A31 /* Frameworks */ = {
			isa = PBXFrameworksBuildPhase;
			buildActionMask = 2147483647;
			files = (
			);
			runOnlyForDeploymentPostprocessing = 0;
		};
/* End PBXFrameworksBuildPhase section */

/* Begin PBXGroup section */
		849FFB1C24EE755600832A31 = {
			isa = PBXGroup;
			children = (
				849FFB2724EE755600832A31 /* WebviewUITestsChecker */,
				849FFB3E24EE755700832A31 /* WebviewUITestsCheckerTests */,
				849FFB4924EE755700832A31 /* WebviewUITestsCheckerUITests */,
				849FFB2624EE755600832A31 /* Products */,
			);
			sourceTree = "<group>";
		};
		849FFB2624EE755600832A31 /* Products */ = {
			isa = PBXGroup;
			children = (
				849FFB2524EE755600832A31 /* WebviewUITestsChecker.app */,
				849FFB3B24EE755700832A31 /* WebviewUITestsCheckerTests.xctest */,
				849FFB4624EE755700832A31 /* WebviewUITestsCheckerUITests.xctest */,
			);
			name = Products;
			sourceTree = "<group>";
		};
		849FFB2724EE755600832A31 /* WebviewUITestsChecker */ = {
			isa = PBXGroup;
			children = (
				849FFB2824EE755600832A31 /* AppDelegate.swift */,
				849FFB2A24EE755600832A31 /* SceneDelegate.swift */,
				849FFB2C24EE755600832A31 /* ViewController.swift */,
				849FFB2E24EE755600832A31 /* Main.storyboard */,
				849FFB3124EE755700832A31 /* Assets.xcassets */,
				849FFB3324EE755700832A31 /* LaunchScreen.storyboard */,
				849FFB3624EE755700832A31 /* Info.plist */,
			);
			path = WebviewUITestsChecker;
			sourceTree = "<group>";
		};
		849FFB3E24EE755700832A31 /* WebviewUITestsCheckerTests */ = {
			isa = PBXGroup;
			children = (
				849FFB3F24EE755700832A31 /* WebviewUITestsCheckerTests.swift */,
				849FFB4124EE755700832A31 /* Info.plist */,
			);
			path = WebviewUITestsCheckerTests;
			sourceTree = "<group>";
		};
		849FFB4924EE755700832A31 /* WebviewUITestsCheckerUITests */ = {
			isa = PBXGroup;
			children = (
				849FFB4A24EE755700832A31 /* WebviewUITestsCheckerUITests.swift */,
				849FFB4C24EE755700832A31 /* Info.plist */,
			);
			path = WebviewUITestsCheckerUITests;
			sourceTree = "<group>";
		};
/* End PBXGroup section */

/* Begin PBXNativeTarget section */
		849FFB2424EE755600832A31 /* WebviewUITestsChecker */ = {
			isa = PBXNativeTarget;
			buildConfigurationList = 849FFB4F24EE755700832A31 /* Build configuration list for PBXNativeTarget "WebviewUITestsChecker" */;
			buildPhases = (
				849FFB2124EE755600832A31 /* Sources */,
				849FFB2224EE755600832A31 /* Frameworks */,
				849FFB2324EE755600832A31 /* Resources */,
			);
			buildRules = (
			);
			dependencies = (
			);
			name = WebviewUITestsChecker;
			productName = WebviewUITestsChecker;
			productReference = 849FFB2524EE755600832A31 /* WebviewUITestsChecker.app */;
			productType = "com.apple.product-type.application";
		};
		849FFB3A24EE755700832A31 /* WebviewUITestsCheckerTests */ = {
			isa = PBXNativeTarget;
			buildConfigurationList = 849FFB5224EE755700832A31 /* Build configuration list for PBXNativeTarget "WebviewUITestsCheckerTests" */;
			buildPhases = (
				849FFB3724EE755700832A31 /* Sources */,
				849FFB3824EE755700832A31 /* Frameworks */,
				849FFB3924EE755700832A31 /* Resources */,
			);
			buildRules = (
			);
			dependencies = (
				849FFB3D24EE755700832A31 /* PBXTargetDependency */,
			);
			name = WebviewUITestsCheckerTests;
			productName = WebviewUITestsCheckerTests;
			productReference = 849FFB3B24EE755700832A31 /* WebviewUITestsCheckerTests.xctest */;
			productType = "com.apple.product-type.bundle.unit-test";
		};
		849FFB4524EE755700832A31 /* WebviewUITestsCheckerUITests */ = {
			isa = PBXNativeTarget;
			buildConfigurationList = 849FFB5524EE755700832A31 /* Build configuration list for PBXNativeTarget "WebviewUITestsCheckerUITests" */;
			buildPhases = (
				849FFB4224EE755700832A31 /* Sources */,
				849FFB4324EE755700832A31 /* Frameworks */,
				849FFB4424EE755700832A31 /* Resources */,
			);
			buildRules = (
			);
			dependencies = (
				849FFB4824EE755700832A31 /* PBXTargetDependency */,
			);
			name = WebviewUITestsCheckerUITests;
			productName = WebviewUITestsCheckerUITests;
			productReference = 849FFB4624EE755700832A31 /* WebviewUITestsCheckerUITests.xctest */;
			productType = "com.apple.product-type.bundle.ui-testing";
		};
/* End PBXNativeTarget section */

/* Begin PBXProject section */
		849FFB1D24EE755600832A31 /* Project object */ = {
			isa = PBXProject;
			attributes = {
				LastSwiftUpdateCheck = 1200;
				LastUpgradeCheck = 1200;
				TargetAttributes = {
					849FFB2424EE755600832A31 = {
						CreatedOnToolsVersion = 12.0;
					};
					849FFB3A24EE755700832A31 = {
						CreatedOnToolsVersion = 12.0;
						TestTargetID = 849FFB2424EE755600832A31;
					};
					849FFB4524EE755700832A31 = {
						CreatedOnToolsVersion = 12.0;
						TestTargetID = 849FFB2424EE755600832A31;
					};
				};
			};
			buildConfigurationList = 849FFB2024EE755600832A31 /* Build configuration list for PBXProject "WebviewUITestsChecker" */;
			compatibilityVersion = "Xcode 9.3";
			developmentRegion = en;
			hasScannedForEncodings = 0;
			knownRegions = (
				en,
				Base,
			);
			mainGroup = 849FFB1C24EE755600832A31;
			productRefGroup = 849FFB2624EE755600832A31 /* Products */;
			projectDirPath = "";
			projectRoot = "";
			targets = (
				849FFB2424EE755600832A31 /* WebviewUITestsChecker */,
				849FFB3A24EE755700832A31 /* WebviewUITestsCheckerTests */,
				849FFB4524EE755700832A31 /* WebviewUITestsCheckerUITests */,
			);
		};
/* End PBXProject section */

/* Begin PBXResourcesBuildPhase section */
		849FFB2324EE755600832A31 /* Resources */ = {
			isa = PBXResourcesBuildPhase;
			buildActionMask = 2147483647;
			files = (
				849FFB3524EE755700832A31 /* LaunchScreen.storyboard in Resources */,
				849FFB3224EE755700832A31 /* Assets.xcassets in Resources */,
				849FFB3024EE755600832A31 /* Main.storyboard in Resources */,
			);
			runOnlyForDeploymentPostprocessing = 0;
		};
		849FFB3924EE755700832A31 /* Resources */ = {
			isa = PBXResourcesBuildPhase;
			buildActionMask = 2147483647;
			files = (
			);
			runOnlyForDeploymentPostprocessing = 0;
		};
		849FFB4424EE755700832A31 /* Resources */ = {
			isa = PBXResourcesBuildPhase;
			buildActionMask = 2147483647;
			files = (
			);
			runOnlyForDeploymentPostprocessing = 0;
		};
/* End PBXResourcesBuildPhase section */

/* Begin PBXSourcesBuildPhase section */
		849FFB2124EE755600832A31 /* Sources */ = {
			isa = PBXSourcesBuildPhase;
			buildActionMask = 2147483647;
			files = (
				849FFB2D24EE755600832A31 /* ViewController.swift in Sources */,
				849FFB2924EE755600832A31 /* AppDelegate.swift in Sources */,
				849FFB2B24EE755600832A31 /* SceneDelegate.swift in Sources */,
			);
			runOnlyForDeploymentPostprocessing = 0;
		};
		849FFB3724EE755700832A31 /* Sources */ = {
			isa = PBXSourcesBuildPhase;
			buildActionMask = 2147483647;
			files = (
				849FFB4024EE755700832A31 /* WebviewUITestsCheckerTests.swift in Sources */,
			);
			runOnlyForDeploymentPostprocessing = 0;
		};
		849FFB4224EE755700832A31 /* Sources */ = {
			isa = PBXSourcesBuildPhase;
			buildActionMask = 2147483647;
			files = (
				849FFB4B24EE755700832A31 /* WebviewUITestsCheckerUITests.swift in Sources */,
			);
			runOnlyForDeploymentPostprocessing = 0;
		};
/* End PBXSourcesBuildPhase section */

/* Begin PBXTargetDependency section */
		849FFB3D24EE755700832A31 /* PBXTargetDependency */ = {
			isa = PBXTargetDependency;
			target = 849FFB2424EE755600832A31 /* WebviewUITestsChecker */;
			targetProxy = 849FFB3C24EE755700832A31 /* PBXContainerItemProxy */;
		};
		849FFB4824EE755700832A31 /* PBXTargetDependency */ = {
			isa = PBXTargetDependency;
			target = 849FFB2424EE755600832A31 /* WebviewUITestsChecker */;
			targetProxy = 849FFB4724EE755700832A31 /* PBXContainerItemProxy */;
		};
/* End PBXTargetDependency section */

/* Begin PBXVariantGroup section */
		849FFB2E24EE755600832A31 /* Main.storyboard */ = {
			isa = PBXVariantGroup;
			children = (
				849FFB2F24EE755600832A31 /* Base */,
			);
			name = Main.storyboard;
			sourceTree = "<group>";
		};
		849FFB3324EE755700832A31 /* LaunchScreen.storyboard */ = {
			isa = PBXVariantGroup;
			children = (
				849FFB3424EE755700832A31 /* Base */,
			);
			name = LaunchScreen.storyboard;
			sourceTree = "<group>";
		};
/* End PBXVariantGroup section */

/* Begin XCBuildConfiguration section */
		849FFB4D24EE755700832A31 /* Debug */ = {
			isa = XCBuildConfiguration;
			buildSettings = {
				ALWAYS_SEARCH_USER_PATHS = NO;
				CLANG_ANALYZER_NONNULL = YES;
				CLANG_ANALYZER_NUMBER_OBJECT_CONVERSION = YES_AGGRESSIVE;
				CLANG_CXX_LANGUAGE_STANDARD = "gnu++14";
				CLANG_CXX_LIBRARY = "libc++";
				CLANG_ENABLE_MODULES = YES;
				CLANG_ENABLE_OBJC_ARC = YES;
				CLANG_ENABLE_OBJC_WEAK = YES;
				CLANG_WARN_BLOCK_CAPTURE_AUTORELEASING = YES;
				CLANG_WARN_BOOL_CONVERSION = YES;
				CLANG_WARN_COMMA = YES;
				CLANG_WARN_CONSTANT_CONVERSION = YES;
				CLANG_WARN_DEPRECATED_OBJC_IMPLEMENTATIONS = YES;
				CLANG_WARN_DIRECT_OBJC_ISA_USAGE = YES_ERROR;
				CLANG_WARN_DOCUMENTATION_COMMENTS = YES;
				CLANG_WARN_EMPTY_BODY = YES;
				CLANG_WARN_ENUM_CONVERSION = YES;
				CLANG_WARN_INFINITE_RECURSION = YES;
				CLANG_WARN_INT_CONVERSION = YES;
				CLANG_WARN_NON_LITERAL_NULL_CONVERSION = YES;
				CLANG_WARN_OBJC_IMPLICIT_RETAIN_SELF = YES;
				CLANG_WARN_OBJC_LITERAL_CONVERSION = YES;
				CLANG_WARN_OBJC_ROOT_CLASS = YES_ERROR;
				CLANG_WARN_QUOTED_INCLUDE_IN_FRAMEWORK_HEADER = YES;
				CLANG_WARN_RANGE_LOOP_ANALYSIS = YES;
				CLANG_WARN_STRICT_PROTOTYPES = YES;
				CLANG_WARN_SUSPICIOUS_MOVE = YES;
				CLANG_WARN_UNGUARDED_AVAILABILITY = YES_AGGRESSIVE;
				CLANG_WARN_UNREACHABLE_CODE = YES;
				CLANG_WARN__DUPLICATE_METHOD_MATCH = YES;
				COPY_PHASE_STRIP = NO;
				DEBUG_INFORMATION_FORMAT = dwarf;
				ENABLE_STRICT_OBJC_MSGSEND = YES;
				ENABLE_TESTABILITY = YES;
				GCC_C_LANGUAGE_STANDARD = gnu11;
				GCC_DYNAMIC_NO_PIC = NO;
				GCC_NO_COMMON_BLOCKS = YES;
				GCC_OPTIMIZATION_LEVEL = 0;
				GCC_PREPROCESSOR_DEFINITIONS = (
					"DEBUG=1",
					"$(inherited)",
				);
				GCC_WARN_64_TO_32_BIT_CONVERSION = YES;
				GCC_WARN_ABOUT_RETURN_TYPE = YES_ERROR;
				GCC_WARN_UNDECLARED_SELECTOR = YES;
				GCC_WARN_UNINITIALIZED_AUTOS = YES_AGGRESSIVE;
				GCC_WARN_UNUSED_FUNCTION = YES;
				GCC_WARN_UNUSED_VARIABLE = YES;
				IPHONEOS_DEPLOYMENT_TARGET = 14.0;
				MTL_ENABLE_DEBUG_INFO = INCLUDE_SOURCE;
				MTL_FAST_MATH = YES;
				ONLY_ACTIVE_ARCH = YES;
				SDKROOT = iphoneos;
				SWIFT_ACTIVE_COMPILATION_CONDITIONS = DEBUG;
				SWIFT_OPTIMIZATION_LEVEL = "-Onone";
			};
			name = Debug;
		};
		849FFB4E24EE755700832A31 /* Release */ = {
			isa = XCBuildConfiguration;
			buildSettings = {
				ALWAYS_SEARCH_USER_PATHS = NO;
				CLANG_ANALYZER_NONNULL = YES;
				CLANG_ANALYZER_NUMBER_OBJECT_CONVERSION = YES_AGGRESSIVE;
				CLANG_CXX_LANGUAGE_STANDARD = "gnu++14";
				CLANG_CXX_LIBRARY = "libc++";
				CLANG_ENABLE_MODULES = YES;
				CLANG_ENABLE_OBJC_ARC = YES;
				CLANG_ENABLE_OBJC_WEAK = YES;
				CLANG_WARN_BLOCK_CAPTURE_AUTORELEASING = YES;
				CLANG_WARN_BOOL_CONVERSION = YES;
				CLANG_WARN_COMMA = YES;
				CLANG_WARN_CONSTANT_CONVERSION = YES;
				CLANG_WARN_DEPRECATED_OBJC_IMPLEMENTATIONS = YES;
				CLANG_WARN_DIRECT_OBJC_ISA_USAGE = YES_ERROR;
				CLANG_WARN_DOCUMENTATION_COMMENTS = YES;
				CLANG_WARN_EMPTY_BODY = YES;
				CLANG_WARN_ENUM_CONVERSION = YES;
				CLANG_WARN_INFINITE_RECURSION = YES;
				CLANG_WARN_INT_CONVERSION = YES;
				CLANG_WARN_NON_LITERAL_NULL_CONVERSION = YES;
				CLANG_WARN_OBJC_IMPLICIT_RETAIN_SELF = YES;
				CLANG_WARN_OBJC_LITERAL_CONVERSION = YES;
				CLANG_WARN_OBJC_ROOT_CLASS = YES_ERROR;
				CLANG_WARN_QUOTED_INCLUDE_IN_FRAMEWORK_HEADER = YES;
				CLANG_WARN_RANGE_LOOP_ANALYSIS = YES;
				CLANG_WARN_STRICT_PROTOTYPES = YES;
				CLANG_WARN_SUSPICIOUS_MOVE = YES;
				CLANG_WARN_UNGUARDED_AVAILABILITY = YES_AGGRESSIVE;
				CLANG_WARN_UNREACHABLE_CODE = YES;
				CLANG_WARN__DUPLICATE_METHOD_MATCH = YES;
				COPY_PHASE_STRIP = NO;
				DEBUG_INFORMATION_FORMAT = "dwarf-with-dsym";
				ENABLE_NS_ASSERTIONS = NO;
				ENABLE_STRICT_OBJC_MSGSEND = YES;
				GCC_C_LANGUAGE_STANDARD = gnu11;
				GCC_NO_COMMON_BLOCKS = YES;
				GCC_WARN_64_TO_32_BIT_CONVERSION = YES;
				GCC_WARN_ABOUT_RETURN_TYPE = YES_ERROR;
				GCC_WARN_UNDECLARED_SELECTOR = YES;
				GCC_WARN_UNINITIALIZED_AUTOS = YES_AGGRESSIVE;
				GCC_WARN_UNUSED_FUNCTION = YES;
				GCC_WARN_UNUSED_VARIABLE = YES;
				IPHONEOS_DEPLOYMENT_TARGET = 14.0;
				MTL_ENABLE_DEBUG_INFO = NO;
				MTL_FAST_MATH = YES;
				SDKROOT = iphoneos;
				SWIFT_COMPILATION_MODE = wholemodule;
				SWIFT_OPTIMIZATION_LEVEL = "-O";
				VALIDATE_PRODUCT = YES;
			};
			name = Release;
		};
		849FFB5024EE755700832A31 /* Debug */ = {
			isa = XCBuildConfiguration;
			buildSettings = {
				ASSETCATALOG_COMPILER_APPICON_NAME = AppIcon;
				ASSETCATALOG_COMPILER_GLOBAL_ACCENT_COLOR_NAME = AccentColor;
				CODE_SIGN_STYLE = Manual;
				DEVELOPMENT_TEAM = "";
				INFOPLIST_FILE = WebviewUITestsChecker/Info.plist;
				LD_RUNPATH_SEARCH_PATHS = (
					"$(inherited)",
					"@executable_path/Frameworks",
				);
				PRODUCT_BUNDLE_IDENTIFIER = kanari3.WebviewUITestsChecker;
				PRODUCT_NAME = "$(TARGET_NAME)";
				PROVISIONING_PROFILE_SPECIFIER = "";
				SWIFT_VERSION = 5.0;
				TARGETED_DEVICE_FAMILY = "1,2";
			};
			name = Debug;
		};
		849FFB5124EE755700832A31 /* Release */ = {
			isa = XCBuildConfiguration;
			buildSettings = {
				ASSETCATALOG_COMPILER_APPICON_NAME = AppIcon;
				ASSETCATALOG_COMPILER_GLOBAL_ACCENT_COLOR_NAME = AccentColor;
				CODE_SIGN_STYLE = Manual;
				DEVELOPMENT_TEAM = "";
				INFOPLIST_FILE = WebviewUITestsChecker/Info.plist;
				LD_RUNPATH_SEARCH_PATHS = (
					"$(inherited)",
					"@executable_path/Frameworks",
				);
				PRODUCT_BUNDLE_IDENTIFIER = kanari3.WebviewUITestsChecker;
				PRODUCT_NAME = "$(TARGET_NAME)";
				PROVISIONING_PROFILE_SPECIFIER = "";
				SWIFT_VERSION = 5.0;
				TARGETED_DEVICE_FAMILY = "1,2";
			};
			name = Release;
		};
		849FFB5324EE755700832A31 /* Debug */ = {
			isa = XCBuildConfiguration;
			buildSettings = {
				ALWAYS_EMBED_SWIFT_STANDARD_LIBRARIES = YES;
				BUNDLE_LOADER = "$(TEST_HOST)";
				CODE_SIGN_IDENTITY = "iPhone Developer";
				CODE_SIGN_STYLE = Manual;
				DEVELOPMENT_TEAM = D6Y74KJ2UA;
				INFOPLIST_FILE = WebviewUITestsCheckerTests/Info.plist;
				IPHONEOS_DEPLOYMENT_TARGET = 14.0;
				LD_RUNPATH_SEARCH_PATHS = (
					"$(inherited)",
					"@executable_path/Frameworks",
					"@loader_path/Frameworks",
				);
				PRODUCT_BUNDLE_IDENTIFIER = kanari3.WebviewUITestsCheckerTests;
				PRODUCT_NAME = "$(TARGET_NAME)";
				PROVISIONING_PROFILE_SPECIFIER = "";
				"PROVISIONING_PROFILE_SPECIFIER[sdk=macosx*]" = "";
				SWIFT_VERSION = 5.0;
				TARGETED_DEVICE_FAMILY = "1,2";
				TEST_HOST = "$(BUILT_PRODUCTS_DIR)/WebviewUITestsChecker.app/WebviewUITestsChecker";
			};
			name = Debug;
		};
		849FFB5424EE755700832A31 /* Release */ = {
			isa = XCBuildConfiguration;
			buildSettings = {
				ALWAYS_EMBED_SWIFT_STANDARD_LIBRARIES = YES;
				BUNDLE_LOADER = "$(TEST_HOST)";
				CODE_SIGN_IDENTITY = "iPhone Developer";
				CODE_SIGN_STYLE = Manual;
				DEVELOPMENT_TEAM = D6Y74KJ2UA;
				INFOPLIST_FILE = WebviewUITestsCheckerTests/Info.plist;
				IPHONEOS_DEPLOYMENT_TARGET = 14.0;
				LD_RUNPATH_SEARCH_PATHS = (
					"$(inherited)",
					"@executable_path/Frameworks",
					"@loader_path/Frameworks",
				);
				PRODUCT_BUNDLE_IDENTIFIER = kanari3.WebviewUITestsCheckerTests;
				PRODUCT_NAME = "$(TARGET_NAME)";
				PROVISIONING_PROFILE_SPECIFIER = "";
				"PROVISIONING_PROFILE_SPECIFIER[sdk=macosx*]" = "";
				SWIFT_VERSION = 5.0;
				TARGETED_DEVICE_FAMILY = "1,2";
				TEST_HOST = "$(BUILT_PRODUCTS_DIR)/WebviewUITestsChecker.app/WebviewUITestsChecker";
			};
			name = Release;
		};
		849FFB5624EE755700832A31 /* Debug */ = {
			isa = XCBuildConfiguration;
			buildSettings = {
				ALWAYS_EMBED_SWIFT_STANDARD_LIBRARIES = YES;
				CODE_SIGN_IDENTITY = "iPhone Developer";
				CODE_SIGN_STYLE = Manual;
				DEVELOPMENT_TEAM = D6Y74KJ2UA;
				INFOPLIST_FILE = WebviewUITestsCheckerUITests/Info.plist;
				LD_RUNPATH_SEARCH_PATHS = (
					"$(inherited)",
					"@executable_path/Frameworks",
					"@loader_path/Frameworks",
				);
				PRODUCT_BUNDLE_IDENTIFIER = kanari3.WebviewUITestsCheckerUITests;
				PRODUCT_NAME = "$(TARGET_NAME)";
				PROVISIONING_PROFILE_SPECIFIER = "Webview UITests Checker UITests develop";
				"PROVISIONING_PROFILE_SPECIFIER[sdk=macosx*]" = "";
				SWIFT_VERSION = 5.0;
				TARGETED_DEVICE_FAMILY = "1,2";
				TEST_TARGET_NAME = WebviewUITestsChecker;
			};
			name = Debug;
		};
		849FFB5724EE755700832A31 /* Release */ = {
			isa = XCBuildConfiguration;
			buildSettings = {
				ALWAYS_EMBED_SWIFT_STANDARD_LIBRARIES = YES;
				CODE_SIGN_IDENTITY = "iPhone Developer";
				CODE_SIGN_STYLE = Manual;
				DEVELOPMENT_TEAM = D6Y74KJ2UA;
				INFOPLIST_FILE = WebviewUITestsCheckerUITests/Info.plist;
				LD_RUNPATH_SEARCH_PATHS = (
					"$(inherited)",
					"@executable_path/Frameworks",
					"@loader_path/Frameworks",
				);
				PRODUCT_BUNDLE_IDENTIFIER = kanari3.WebviewUITestsCheckerUITests;
				PRODUCT_NAME = "$(TARGET_NAME)";
				PROVISIONING_PROFILE_SPECIFIER = "Webview UITests Checker UITests develop";
				"PROVISIONING_PROFILE_SPECIFIER[sdk=macosx*]" = "";
				SWIFT_VERSION = 5.0;
				TARGETED_DEVICE_FAMILY = "1,2";
				TEST_TARGET_NAME = WebviewUITestsChecker;
			};
			name = Release;
		};
/* End XCBuildConfiguration section */

/* Begin XCConfigurationList section */
		849FFB2024EE755600832A31 /* Build configuration list for PBXProject "WebviewUITestsChecker" */ = {
			isa = XCConfigurationList;
			buildConfigurations = (
				849FFB4D24EE755700832A31 /* Debug */,
				849FFB4E24EE755700832A31 /* Release */,
			);
			defaultConfigurationIsVisible = 0;
			defaultConfigurationName = Release;
		};
		849FFB4F24EE755700832A31 /* Build configuration list for PBXNativeTarget "WebviewUITestsChecker" */ = {
			isa = XCConfigurationList;
			buildConfigurations = (
				849FFB5024EE755700832A31 /* Debug */,
				849FFB5124EE755700832A31 /* Release */,
			);
			defaultConfigurationIsVisible = 0;
			defaultConfigurationName = Release;
		};
		849FFB5224EE755700832A31 /* Build configuration list for PBXNativeTarget "WebviewUITestsCheckerTests" */ = {
			isa = XCConfigurationList;
			buildConfigurations = (
				849FFB5324EE755700832A31 /* Debug */,
				849FFB5424EE755700832A31 /* Release */,
			);
			defaultConfigurationIsVisible = 0;
			defaultConfigurationName = Release;
		};
		849FFB5524EE755700832A31 /* Build configuration list for PBXNativeTarget "WebviewUITestsCheckerUITests" */ = {
			isa = XCConfigurationList;
			buildConfigurations = (
				849FFB5624EE755700832A31 /* Debug */,
				849FFB5724EE755700832A31 /* Release */,
			);
			defaultConfigurationIsVisible = 0;
			defaultConfigurationName = Release;
		};
/* End XCConfigurationList section */
	};
	rootObject = 849FFB1D24EE755600832A31 /* Project object */;
}
