// !$*UTF8*$!
{
	archiveVersion = 1;
	classes = {
	};
	objectVersion = 50;
	objects = {

/* Begin PBXBuildFile section */
		847BB53324EE65AD00FDD494 /* AppDelegate.swift in Sources */ = {isa = PBXBuildFile; fileRef = 847BB53224EE65AD00FDD494 /* AppDelegate.swift */; };
		847BB53524EE65AD00FDD494 /* SceneDelegate.swift in Sources */ = {isa = PBXBuildFile; fileRef = 847BB53424EE65AD00FDD494 /* SceneDelegate.swift */; };
		847BB53724EE65AD00FDD494 /* ViewController.swift in Sources */ = {isa = PBXBuildFile; fileRef = 847BB53624EE65AD00FDD494 /* ViewController.swift */; };
		847BB53A24EE65AD00FDD494 /* Main.storyboard in Resources */ = {isa = PBXBuildFile; fileRef = 847BB53824EE65AD00FDD494 /* Main.storyboard */; };
		847BB53C24EE65AE00FDD494 /* Assets.xcassets in Resources */ = {isa = PBXBuildFile; fileRef = 847BB53B24EE65AE00FDD494 /* Assets.xcassets */; };
		847BB53F24EE65AE00FDD494 /* LaunchScreen.storyboard in Resources */ = {isa = PBXBuildFile; fileRef = 847BB53D24EE65AE00FDD494 /* LaunchScreen.storyboard */; };
		847BB54A24EE65AE00FDD494 /* WebviewUITestsCheckerTests.swift in Sources */ = {isa = PBXBuildFile; fileRef = 847BB54924EE65AE00FDD494 /* WebviewUITestsCheckerTests.swift */; };
		847BB55524EE65AE00FDD494 /* WebviewUITestsCheckerUITests.swift in Sources */ = {isa = PBXBuildFile; fileRef = 847BB55424EE65AE00FDD494 /* WebviewUITestsCheckerUITests.swift */; };
/* End PBXBuildFile section */

/* Begin PBXContainerItemProxy section */
		847BB54624EE65AE00FDD494 /* PBXContainerItemProxy */ = {
			isa = PBXContainerItemProxy;
			containerPortal = 847BB52724EE65AD00FDD494 /* Project object */;
			proxyType = 1;
			remoteGlobalIDString = 847BB52E24EE65AD00FDD494;
			remoteInfo = WebviewUITestsChecker;
		};
		847BB55124EE65AE00FDD494 /* PBXContainerItemProxy */ = {
			isa = PBXContainerItemProxy;
			containerPortal = 847BB52724EE65AD00FDD494 /* Project object */;
			proxyType = 1;
			remoteGlobalIDString = 847BB52E24EE65AD00FDD494;
			remoteInfo = WebviewUITestsChecker;
		};
/* End PBXContainerItemProxy section */

/* Begin PBXFileReference section */
		847BB52F24EE65AD00FDD494 /* WebviewUITestsChecker.app */ = {isa = PBXFileReference; explicitFileType = wrapper.application; includeInIndex = 0; path = WebviewUITestsChecker.app; sourceTree = BUILT_PRODUCTS_DIR; };
		847BB53224EE65AD00FDD494 /* AppDelegate.swift */ = {isa = PBXFileReference; lastKnownFileType = sourcecode.swift; path = AppDelegate.swift; sourceTree = "<group>"; };
		847BB53424EE65AD00FDD494 /* SceneDelegate.swift */ = {isa = PBXFileReference; lastKnownFileType = sourcecode.swift; path = SceneDelegate.swift; sourceTree = "<group>"; };
		847BB53624EE65AD00FDD494 /* ViewController.swift */ = {isa = PBXFileReference; lastKnownFileType = sourcecode.swift; path = ViewController.swift; sourceTree = "<group>"; };
		847BB53924EE65AD00FDD494 /* Base */ = {isa = PBXFileReference; lastKnownFileType = file.storyboard; name = Base; path = Base.lproj/Main.storyboard; sourceTree = "<group>"; };
		847BB53B24EE65AE00FDD494 /* Assets.xcassets */ = {isa = PBXFileReference; lastKnownFileType = folder.assetcatalog; path = Assets.xcassets; sourceTree = "<group>"; };
		847BB53E24EE65AE00FDD494 /* Base */ = {isa = PBXFileReference; lastKnownFileType = file.storyboard; name = Base; path = Base.lproj/LaunchScreen.storyboard; sourceTree = "<group>"; };
		847BB54024EE65AE00FDD494 /* Info.plist */ = {isa = PBXFileReference; lastKnownFileType = text.plist.xml; path = Info.plist; sourceTree = "<group>"; };
		847BB54524EE65AE00FDD494 /* WebviewUITestsCheckerTests.xctest */ = {isa = PBXFileReference; explicitFileType = wrapper.cfbundle; includeInIndex = 0; path = WebviewUITestsCheckerTests.xctest; sourceTree = BUILT_PRODUCTS_DIR; };
		847BB54924EE65AE00FDD494 /* WebviewUITestsCheckerTests.swift */ = {isa = PBXFileReference; lastKnownFileType = sourcecode.swift; path = WebviewUITestsCheckerTests.swift; sourceTree = "<group>"; };
		847BB54B24EE65AE00FDD494 /* Info.plist */ = {isa = PBXFileReference; lastKnownFileType = text.plist.xml; path = Info.plist; sourceTree = "<group>"; };
		847BB55024EE65AE00FDD494 /* WebviewUITestsCheckerUITests.xctest */ = {isa = PBXFileReference; explicitFileType = wrapper.cfbundle; includeInIndex = 0; path = WebviewUITestsCheckerUITests.xctest; sourceTree = BUILT_PRODUCTS_DIR; };
		847BB55424EE65AE00FDD494 /* WebviewUITestsCheckerUITests.swift */ = {isa = PBXFileReference; lastKnownFileType = sourcecode.swift; path = WebviewUITestsCheckerUITests.swift; sourceTree = "<group>"; };
		847BB55624EE65AE00FDD494 /* Info.plist */ = {isa = PBXFileReference; lastKnownFileType = text.plist.xml; path = Info.plist; sourceTree = "<group>"; };
/* End PBXFileReference section */

/* Begin PBXFrameworksBuildPhase section */
		847BB52C24EE65AD00FDD494 /* Frameworks */ = {
			isa = PBXFrameworksBuildPhase;
			buildActionMask = 2147483647;
			files = (
			);
			runOnlyForDeploymentPostprocessing = 0;
		};
		847BB54224EE65AE00FDD494 /* Frameworks */ = {
			isa = PBXFrameworksBuildPhase;
			buildActionMask = 2147483647;
			files = (
			);
			runOnlyForDeploymentPostprocessing = 0;
		};
		847BB54D24EE65AE00FDD494 /* Frameworks */ = {
			isa = PBXFrameworksBuildPhase;
			buildActionMask = 2147483647;
			files = (
			);
			runOnlyForDeploymentPostprocessing = 0;
		};
/* End PBXFrameworksBuildPhase section */

/* Begin PBXGroup section */
		847BB52624EE65AD00FDD494 = {
			isa = PBXGroup;
			children = (
				847BB53124EE65AD00FDD494 /* WebviewUITestsChecker */,
				847BB54824EE65AE00FDD494 /* WebviewUITestsCheckerTests */,
				847BB55324EE65AE00FDD494 /* WebviewUITestsCheckerUITests */,
				847BB53024EE65AD00FDD494 /* Products */,
			);
			sourceTree = "<group>";
		};
		847BB53024EE65AD00FDD494 /* Products */ = {
			isa = PBXGroup;
			children = (
				847BB52F24EE65AD00FDD494 /* WebviewUITestsChecker.app */,
				847BB54524EE65AE00FDD494 /* WebviewUITestsCheckerTests.xctest */,
				847BB55024EE65AE00FDD494 /* WebviewUITestsCheckerUITests.xctest */,
			);
			name = Products;
			sourceTree = "<group>";
		};
		847BB53124EE65AD00FDD494 /* WebviewUITestsChecker */ = {
			isa = PBXGroup;
			children = (
				847BB53224EE65AD00FDD494 /* AppDelegate.swift */,
				847BB53424EE65AD00FDD494 /* SceneDelegate.swift */,
				847BB53624EE65AD00FDD494 /* ViewController.swift */,
				847BB53824EE65AD00FDD494 /* Main.storyboard */,
				847BB53B24EE65AE00FDD494 /* Assets.xcassets */,
				847BB53D24EE65AE00FDD494 /* LaunchScreen.storyboard */,
				847BB54024EE65AE00FDD494 /* Info.plist */,
			);
			path = WebviewUITestsChecker;
			sourceTree = "<group>";
		};
		847BB54824EE65AE00FDD494 /* WebviewUITestsCheckerTests */ = {
			isa = PBXGroup;
			children = (
				847BB54924EE65AE00FDD494 /* WebviewUITestsCheckerTests.swift */,
				847BB54B24EE65AE00FDD494 /* Info.plist */,
			);
			path = WebviewUITestsCheckerTests;
			sourceTree = "<group>";
		};
		847BB55324EE65AE00FDD494 /* WebviewUITestsCheckerUITests */ = {
			isa = PBXGroup;
			children = (
				847BB55424EE65AE00FDD494 /* WebviewUITestsCheckerUITests.swift */,
				847BB55624EE65AE00FDD494 /* Info.plist */,
			);
			path = WebviewUITestsCheckerUITests;
			sourceTree = "<group>";
		};
/* End PBXGroup section */

/* Begin PBXNativeTarget section */
		847BB52E24EE65AD00FDD494 /* WebviewUITestsChecker */ = {
			isa = PBXNativeTarget;
			buildConfigurationList = 847BB55924EE65AF00FDD494 /* Build configuration list for PBXNativeTarget "WebviewUITestsChecker" */;
			buildPhases = (
				847BB52B24EE65AD00FDD494 /* Sources */,
				847BB52C24EE65AD00FDD494 /* Frameworks */,
				847BB52D24EE65AD00FDD494 /* Resources */,
			);
			buildRules = (
			);
			dependencies = (
			);
			name = WebviewUITestsChecker;
			productName = WebviewUITestsChecker;
			productReference = 847BB52F24EE65AD00FDD494 /* WebviewUITestsChecker.app */;
			productType = "com.apple.product-type.application";
		};
		847BB54424EE65AE00FDD494 /* WebviewUITestsCheckerTests */ = {
			isa = PBXNativeTarget;
			buildConfigurationList = 847BB55C24EE65AF00FDD494 /* Build configuration list for PBXNativeTarget "WebviewUITestsCheckerTests" */;
			buildPhases = (
				847BB54124EE65AE00FDD494 /* Sources */,
				847BB54224EE65AE00FDD494 /* Frameworks */,
				847BB54324EE65AE00FDD494 /* Resources */,
			);
			buildRules = (
			);
			dependencies = (
				847BB54724EE65AE00FDD494 /* PBXTargetDependency */,
			);
			name = WebviewUITestsCheckerTests;
			productName = WebviewUITestsCheckerTests;
			productReference = 847BB54524EE65AE00FDD494 /* WebviewUITestsCheckerTests.xctest */;
			productType = "com.apple.product-type.bundle.unit-test";
		};
		847BB54F24EE65AE00FDD494 /* WebviewUITestsCheckerUITests */ = {
			isa = PBXNativeTarget;
			buildConfigurationList = 847BB55F24EE65AF00FDD494 /* Build configuration list for PBXNativeTarget "WebviewUITestsCheckerUITests" */;
			buildPhases = (
				847BB54C24EE65AE00FDD494 /* Sources */,
				847BB54D24EE65AE00FDD494 /* Frameworks */,
				847BB54E24EE65AE00FDD494 /* Resources */,
			);
			buildRules = (
			);
			dependencies = (
				847BB55224EE65AE00FDD494 /* PBXTargetDependency */,
			);
			name = WebviewUITestsCheckerUITests;
			productName = WebviewUITestsCheckerUITests;
			productReference = 847BB55024EE65AE00FDD494 /* WebviewUITestsCheckerUITests.xctest */;
			productType = "com.apple.product-type.bundle.ui-testing";
		};
/* End PBXNativeTarget section */

/* Begin PBXProject section */
		847BB52724EE65AD00FDD494 /* Project object */ = {
			isa = PBXProject;
			attributes = {
				LastSwiftUpdateCheck = 1160;
				LastUpgradeCheck = 1160;
				ORGANIZATIONNAME = kanari3;
				TargetAttributes = {
					847BB52E24EE65AD00FDD494 = {
						CreatedOnToolsVersion = 11.6;
					};
					847BB54424EE65AE00FDD494 = {
						CreatedOnToolsVersion = 11.6;
						TestTargetID = 847BB52E24EE65AD00FDD494;
					};
					847BB54F24EE65AE00FDD494 = {
						CreatedOnToolsVersion = 11.6;
						TestTargetID = 847BB52E24EE65AD00FDD494;
					};
				};
			};
			buildConfigurationList = 847BB52A24EE65AD00FDD494 /* Build configuration list for PBXProject "WebviewUITestsChecker" */;
			compatibilityVersion = "Xcode 9.3";
			developmentRegion = en;
			hasScannedForEncodings = 0;
			knownRegions = (
				en,
				Base,
			);
			mainGroup = 847BB52624EE65AD00FDD494;
			productRefGroup = 847BB53024EE65AD00FDD494 /* Products */;
			projectDirPath = "";
			projectRoot = "";
			targets = (
				847BB52E24EE65AD00FDD494 /* WebviewUITestsChecker */,
				847BB54424EE65AE00FDD494 /* WebviewUITestsCheckerTests */,
				847BB54F24EE65AE00FDD494 /* WebviewUITestsCheckerUITests */,
			);
		};
/* End PBXProject section */

/* Begin PBXResourcesBuildPhase section */
		847BB52D24EE65AD00FDD494 /* Resources */ = {
			isa = PBXResourcesBuildPhase;
			buildActionMask = 2147483647;
			files = (
				847BB53F24EE65AE00FDD494 /* LaunchScreen.storyboard in Resources */,
				847BB53C24EE65AE00FDD494 /* Assets.xcassets in Resources */,
				847BB53A24EE65AD00FDD494 /* Main.storyboard in Resources */,
			);
			runOnlyForDeploymentPostprocessing = 0;
		};
		847BB54324EE65AE00FDD494 /* Resources */ = {
			isa = PBXResourcesBuildPhase;
			buildActionMask = 2147483647;
			files = (
			);
			runOnlyForDeploymentPostprocessing = 0;
		};
		847BB54E24EE65AE00FDD494 /* Resources */ = {
			isa = PBXResourcesBuildPhase;
			buildActionMask = 2147483647;
			files = (
			);
			runOnlyForDeploymentPostprocessing = 0;
		};
/* End PBXResourcesBuildPhase section */

/* Begin PBXSourcesBuildPhase section */
		847BB52B24EE65AD00FDD494 /* Sources */ = {
			isa = PBXSourcesBuildPhase;
			buildActionMask = 2147483647;
			files = (
				847BB53724EE65AD00FDD494 /* ViewController.swift in Sources */,
				847BB53324EE65AD00FDD494 /* AppDelegate.swift in Sources */,
				847BB53524EE65AD00FDD494 /* SceneDelegate.swift in Sources */,
			);
			runOnlyForDeploymentPostprocessing = 0;
		};
		847BB54124EE65AE00FDD494 /* Sources */ = {
			isa = PBXSourcesBuildPhase;
			buildActionMask = 2147483647;
			files = (
				847BB54A24EE65AE00FDD494 /* WebviewUITestsCheckerTests.swift in Sources */,
			);
			runOnlyForDeploymentPostprocessing = 0;
		};
		847BB54C24EE65AE00FDD494 /* Sources */ = {
			isa = PBXSourcesBuildPhase;
			buildActionMask = 2147483647;
			files = (
				847BB55524EE65AE00FDD494 /* WebviewUITestsCheckerUITests.swift in Sources */,
			);
			runOnlyForDeploymentPostprocessing = 0;
		};
/* End PBXSourcesBuildPhase section */

/* Begin PBXTargetDependency section */
		847BB54724EE65AE00FDD494 /* PBXTargetDependency */ = {
			isa = PBXTargetDependency;
			target = 847BB52E24EE65AD00FDD494 /* WebviewUITestsChecker */;
			targetProxy = 847BB54624EE65AE00FDD494 /* PBXContainerItemProxy */;
		};
		847BB55224EE65AE00FDD494 /* PBXTargetDependency */ = {
			isa = PBXTargetDependency;
			target = 847BB52E24EE65AD00FDD494 /* WebviewUITestsChecker */;
			targetProxy = 847BB55124EE65AE00FDD494 /* PBXContainerItemProxy */;
		};
/* End PBXTargetDependency section */

/* Begin PBXVariantGroup section */
		847BB53824EE65AD00FDD494 /* Main.storyboard */ = {
			isa = PBXVariantGroup;
			children = (
				847BB53924EE65AD00FDD494 /* Base */,
			);
			name = Main.storyboard;
			sourceTree = "<group>";
		};
		847BB53D24EE65AE00FDD494 /* LaunchScreen.storyboard */ = {
			isa = PBXVariantGroup;
			children = (
				847BB53E24EE65AE00FDD494 /* Base */,
			);
			name = LaunchScreen.storyboard;
			sourceTree = "<group>";
		};
/* End PBXVariantGroup section */

/* Begin XCBuildConfiguration section */
		847BB55724EE65AF00FDD494 /* Debug */ = {
			isa = XCBuildConfiguration;
			buildSettings = {
				ALWAYS_SEARCH_USER_PATHS = NO;
				CLANG_ANALYZER_NONNULL = YES;
				CLANG_ANALYZER_NUMBER_OBJECT_CONVERSION = YES_AGGRESSIVE;
				CLANG_CXX_LANGUAGE_STANDARD = "gnu++14";
				CLANG_CXX_LIBRARY = "libc++";
				CLANG_ENABLE_MODULES = YES;
				CLANG_ENABLE_OBJC_ARC = YES;
				CLANG_ENABLE_OBJC_WEAK = YES;
				CLANG_WARN_BLOCK_CAPTURE_AUTORELEASING = YES;
				CLANG_WARN_BOOL_CONVERSION = YES;
				CLANG_WARN_COMMA = YES;
				CLANG_WARN_CONSTANT_CONVERSION = YES;
				CLANG_WARN_DEPRECATED_OBJC_IMPLEMENTATIONS = YES;
				CLANG_WARN_DIRECT_OBJC_ISA_USAGE = YES_ERROR;
				CLANG_WARN_DOCUMENTATION_COMMENTS = YES;
				CLANG_WARN_EMPTY_BODY = YES;
				CLANG_WARN_ENUM_CONVERSION = YES;
				CLANG_WARN_INFINITE_RECURSION = YES;
				CLANG_WARN_INT_CONVERSION = YES;
				CLANG_WARN_NON_LITERAL_NULL_CONVERSION = YES;
				CLANG_WARN_OBJC_IMPLICIT_RETAIN_SELF = YES;
				CLANG_WARN_OBJC_LITERAL_CONVERSION = YES;
				CLANG_WARN_OBJC_ROOT_CLASS = YES_ERROR;
				CLANG_WARN_RANGE_LOOP_ANALYSIS = YES;
				CLANG_WARN_STRICT_PROTOTYPES = YES;
				CLANG_WARN_SUSPICIOUS_MOVE = YES;
				CLANG_WARN_UNGUARDED_AVAILABILITY = YES_AGGRESSIVE;
				CLANG_WARN_UNREACHABLE_CODE = YES;
				CLANG_WARN__DUPLICATE_METHOD_MATCH = YES;
				COPY_PHASE_STRIP = NO;
				DEBUG_INFORMATION_FORMAT = dwarf;
				ENABLE_STRICT_OBJC_MSGSEND = YES;
				ENABLE_TESTABILITY = YES;
				GCC_C_LANGUAGE_STANDARD = gnu11;
				GCC_DYNAMIC_NO_PIC = NO;
				GCC_NO_COMMON_BLOCKS = YES;
				GCC_OPTIMIZATION_LEVEL = 0;
				GCC_PREPROCESSOR_DEFINITIONS = (
					"DEBUG=1",
					"$(inherited)",
				);
				GCC_WARN_64_TO_32_BIT_CONVERSION = YES;
				GCC_WARN_ABOUT_RETURN_TYPE = YES_ERROR;
				GCC_WARN_UNDECLARED_SELECTOR = YES;
				GCC_WARN_UNINITIALIZED_AUTOS = YES_AGGRESSIVE;
				GCC_WARN_UNUSED_FUNCTION = YES;
				GCC_WARN_UNUSED_VARIABLE = YES;
				IPHONEOS_DEPLOYMENT_TARGET = 13.6;
				MTL_ENABLE_DEBUG_INFO = INCLUDE_SOURCE;
				MTL_FAST_MATH = YES;
				ONLY_ACTIVE_ARCH = YES;
				SDKROOT = iphoneos;
				SWIFT_ACTIVE_COMPILATION_CONDITIONS = DEBUG;
				SWIFT_OPTIMIZATION_LEVEL = "-Onone";
			};
			name = Debug;
		};
		847BB55824EE65AF00FDD494 /* Release */ = {
			isa = XCBuildConfiguration;
			buildSettings = {
				ALWAYS_SEARCH_USER_PATHS = NO;
				CLANG_ANALYZER_NONNULL = YES;
				CLANG_ANALYZER_NUMBER_OBJECT_CONVERSION = YES_AGGRESSIVE;
				CLANG_CXX_LANGUAGE_STANDARD = "gnu++14";
				CLANG_CXX_LIBRARY = "libc++";
				CLANG_ENABLE_MODULES = YES;
				CLANG_ENABLE_OBJC_ARC = YES;
				CLANG_ENABLE_OBJC_WEAK = YES;
				CLANG_WARN_BLOCK_CAPTURE_AUTORELEASING = YES;
				CLANG_WARN_BOOL_CONVERSION = YES;
				CLANG_WARN_COMMA = YES;
				CLANG_WARN_CONSTANT_CONVERSION = YES;
				CLANG_WARN_DEPRECATED_OBJC_IMPLEMENTATIONS = YES;
				CLANG_WARN_DIRECT_OBJC_ISA_USAGE = YES_ERROR;
				CLANG_WARN_DOCUMENTATION_COMMENTS = YES;
				CLANG_WARN_EMPTY_BODY = YES;
				CLANG_WARN_ENUM_CONVERSION = YES;
				CLANG_WARN_INFINITE_RECURSION = YES;
				CLANG_WARN_INT_CONVERSION = YES;
				CLANG_WARN_NON_LITERAL_NULL_CONVERSION = YES;
				CLANG_WARN_OBJC_IMPLICIT_RETAIN_SELF = YES;
				CLANG_WARN_OBJC_LITERAL_CONVERSION = YES;
				CLANG_WARN_OBJC_ROOT_CLASS = YES_ERROR;
				CLANG_WARN_RANGE_LOOP_ANALYSIS = YES;
				CLANG_WARN_STRICT_PROTOTYPES = YES;
				CLANG_WARN_SUSPICIOUS_MOVE = YES;
				CLANG_WARN_UNGUARDED_AVAILABILITY = YES_AGGRESSIVE;
				CLANG_WARN_UNREACHABLE_CODE = YES;
				CLANG_WARN__DUPLICATE_METHOD_MATCH = YES;
				COPY_PHASE_STRIP = NO;
				DEBUG_INFORMATION_FORMAT = "dwarf-with-dsym";
				ENABLE_NS_ASSERTIONS = NO;
				ENABLE_STRICT_OBJC_MSGSEND = YES;
				GCC_C_LANGUAGE_STANDARD = gnu11;
				GCC_NO_COMMON_BLOCKS = YES;
				GCC_WARN_64_TO_32_BIT_CONVERSION = YES;
				GCC_WARN_ABOUT_RETURN_TYPE = YES_ERROR;
				GCC_WARN_UNDECLARED_SELECTOR = YES;
				GCC_WARN_UNINITIALIZED_AUTOS = YES_AGGRESSIVE;
				GCC_WARN_UNUSED_FUNCTION = YES;
				GCC_WARN_UNUSED_VARIABLE = YES;
				IPHONEOS_DEPLOYMENT_TARGET = 13.6;
				MTL_ENABLE_DEBUG_INFO = NO;
				MTL_FAST_MATH = YES;
				SDKROOT = iphoneos;
				SWIFT_COMPILATION_MODE = wholemodule;
				SWIFT_OPTIMIZATION_LEVEL = "-O";
				VALIDATE_PRODUCT = YES;
			};
			name = Release;
		};
		847BB55A24EE65AF00FDD494 /* Debug */ = {
			isa = XCBuildConfiguration;
			buildSettings = {
				ASSETCATALOG_COMPILER_APPICON_NAME = AppIcon;
				CODE_SIGN_IDENTITY = "iPhone Developer";
				CODE_SIGN_STYLE = Manual;
				DEVELOPMENT_TEAM = D6Y74KJ2UA;
				INFOPLIST_FILE = WebviewUITestsChecker/Info.plist;
				LD_RUNPATH_SEARCH_PATHS = (
					"$(inherited)",
					"@executable_path/Frameworks",
				);
				PRODUCT_BUNDLE_IDENTIFIER = kanari3.WebviewUITestsChecker;
				PRODUCT_NAME = "$(TARGET_NAME)";
				PROVISIONING_PROFILE_SPECIFIER = "Webview UITests Checker develop";
				SWIFT_VERSION = 5.0;
				TARGETED_DEVICE_FAMILY = "1,2";
			};
			name = Debug;
		};
		847BB55B24EE65AF00FDD494 /* Release */ = {
			isa = XCBuildConfiguration;
			buildSettings = {
				ASSETCATALOG_COMPILER_APPICON_NAME = AppIcon;
				CODE_SIGN_IDENTITY = "iPhone Developer";
				CODE_SIGN_STYLE = Manual;
				DEVELOPMENT_TEAM = D6Y74KJ2UA;
				INFOPLIST_FILE = WebviewUITestsChecker/Info.plist;
				LD_RUNPATH_SEARCH_PATHS = (
					"$(inherited)",
					"@executable_path/Frameworks",
				);
				PRODUCT_BUNDLE_IDENTIFIER = kanari3.WebviewUITestsChecker;
				PRODUCT_NAME = "$(TARGET_NAME)";
				PROVISIONING_PROFILE_SPECIFIER = "Webview UITests Checker develop";
				SWIFT_VERSION = 5.0;
				TARGETED_DEVICE_FAMILY = "1,2";
			};
			name = Release;
		};
		847BB55D24EE65AF00FDD494 /* Debug */ = {
			isa = XCBuildConfiguration;
			buildSettings = {
				ALWAYS_EMBED_SWIFT_STANDARD_LIBRARIES = YES;
				BUNDLE_LOADER = "$(TEST_HOST)";
				CODE_SIGN_IDENTITY = "iPhone Developer";
				CODE_SIGN_STYLE = Manual;
				DEVELOPMENT_TEAM = D6Y74KJ2UA;
				INFOPLIST_FILE = WebviewUITestsCheckerTests/Info.plist;
				IPHONEOS_DEPLOYMENT_TARGET = 13.6;
				LD_RUNPATH_SEARCH_PATHS = (
					"$(inherited)",
					"@executable_path/Frameworks",
					"@loader_path/Frameworks",
				);
				PRODUCT_BUNDLE_IDENTIFIER = kanari3.WebviewUITestsCheckerTests;
				PRODUCT_NAME = "$(TARGET_NAME)";
				PROVISIONING_PROFILE_SPECIFIER = "";
				"PROVISIONING_PROFILE_SPECIFIER[sdk=macosx*]" = "";
				SWIFT_VERSION = 5.0;
				TARGETED_DEVICE_FAMILY = "1,2";
				TEST_HOST = "$(BUILT_PRODUCTS_DIR)/WebviewUITestsChecker.app/WebviewUITestsChecker";
			};
			name = Debug;
		};
		847BB55E24EE65AF00FDD494 /* Release */ = {
			isa = XCBuildConfiguration;
			buildSettings = {
				ALWAYS_EMBED_SWIFT_STANDARD_LIBRARIES = YES;
				BUNDLE_LOADER = "$(TEST_HOST)";
				CODE_SIGN_IDENTITY = "iPhone Developer";
				CODE_SIGN_STYLE = Manual;
				DEVELOPMENT_TEAM = D6Y74KJ2UA;
				INFOPLIST_FILE = WebviewUITestsCheckerTests/Info.plist;
				IPHONEOS_DEPLOYMENT_TARGET = 13.6;
				LD_RUNPATH_SEARCH_PATHS = (
					"$(inherited)",
					"@executable_path/Frameworks",
					"@loader_path/Frameworks",
				);
				PRODUCT_BUNDLE_IDENTIFIER = kanari3.WebviewUITestsCheckerTests;
				PRODUCT_NAME = "$(TARGET_NAME)";
				PROVISIONING_PROFILE_SPECIFIER = "";
				"PROVISIONING_PROFILE_SPECIFIER[sdk=macosx*]" = "";
				SWIFT_VERSION = 5.0;
				TARGETED_DEVICE_FAMILY = "1,2";
				TEST_HOST = "$(BUILT_PRODUCTS_DIR)/WebviewUITestsChecker.app/WebviewUITestsChecker";
			};
			name = Release;
		};
		847BB56024EE65AF00FDD494 /* Debug */ = {
			isa = XCBuildConfiguration;
			buildSettings = {
				ALWAYS_EMBED_SWIFT_STANDARD_LIBRARIES = YES;
				CODE_SIGN_IDENTITY = "iPhone Developer";
				CODE_SIGN_STYLE = Manual;
				DEVELOPMENT_TEAM = D6Y74KJ2UA;
				INFOPLIST_FILE = WebviewUITestsCheckerUITests/Info.plist;
				LD_RUNPATH_SEARCH_PATHS = (
					"$(inherited)",
					"@executable_path/Frameworks",
					"@loader_path/Frameworks",
				);
				PRODUCT_BUNDLE_IDENTIFIER = kanari3.WebviewUITestsCheckerUITests;
				PRODUCT_NAME = "$(TARGET_NAME)";
				PROVISIONING_PROFILE_SPECIFIER = "Webview UITests Checker UITests develop";
				"PROVISIONING_PROFILE_SPECIFIER[sdk=macosx*]" = "";
				SWIFT_VERSION = 5.0;
				TARGETED_DEVICE_FAMILY = "1,2";
				TEST_TARGET_NAME = WebviewUITestsChecker;
			};
			name = Debug;
		};
		847BB56124EE65AF00FDD494 /* Release */ = {
			isa = XCBuildConfiguration;
			buildSettings = {
				ALWAYS_EMBED_SWIFT_STANDARD_LIBRARIES = YES;
				CODE_SIGN_IDENTITY = "iPhone Developer";
				CODE_SIGN_STYLE = Manual;
				DEVELOPMENT_TEAM = D6Y74KJ2UA;
				INFOPLIST_FILE = WebviewUITestsCheckerUITests/Info.plist;
				LD_RUNPATH_SEARCH_PATHS = (
					"$(inherited)",
					"@executable_path/Frameworks",
					"@loader_path/Frameworks",
				);
				PRODUCT_BUNDLE_IDENTIFIER = kanari3.WebviewUITestsCheckerUITests;
				PRODUCT_NAME = "$(TARGET_NAME)";
				PROVISIONING_PROFILE_SPECIFIER = "Webview UITests Checker UITests develop";
				"PROVISIONING_PROFILE_SPECIFIER[sdk=macosx*]" = "";
				SWIFT_VERSION = 5.0;
				TARGETED_DEVICE_FAMILY = "1,2";
				TEST_TARGET_NAME = WebviewUITestsChecker;
			};
			name = Release;
		};
/* End XCBuildConfiguration section */

/* Begin XCConfigurationList section */
		847BB52A24EE65AD00FDD494 /* Build configuration list for PBXProject "WebviewUITestsChecker" */ = {
			isa = XCConfigurationList;
			buildConfigurations = (
				847BB55724EE65AF00FDD494 /* Debug */,
				847BB55824EE65AF00FDD494 /* Release */,
			);
			defaultConfigurationIsVisible = 0;
			defaultConfigurationName = Release;
		};
		847BB55924EE65AF00FDD494 /* Build configuration list for PBXNativeTarget "WebviewUITestsChecker" */ = {
			isa = XCConfigurationList;
			buildConfigurations = (
				847BB55A24EE65AF00FDD494 /* Debug */,
				847BB55B24EE65AF00FDD494 /* Release */,
			);
			defaultConfigurationIsVisible = 0;
			defaultConfigurationName = Release;
		};
		847BB55C24EE65AF00FDD494 /* Build configuration list for PBXNativeTarget "WebviewUITestsCheckerTests" */ = {
			isa = XCConfigurationList;
			buildConfigurations = (
				847BB55D24EE65AF00FDD494 /* Debug */,
				847BB55E24EE65AF00FDD494 /* Release */,
			);
			defaultConfigurationIsVisible = 0;
			defaultConfigurationName = Release;
		};
		847BB55F24EE65AF00FDD494 /* Build configuration list for PBXNativeTarget "WebviewUITestsCheckerUITests" */ = {
			isa = XCConfigurationList;
			buildConfigurations = (
				847BB56024EE65AF00FDD494 /* Debug */,
				847BB56124EE65AF00FDD494 /* Release */,
			);
			defaultConfigurationIsVisible = 0;
			defaultConfigurationName = Release;
		};
/* End XCConfigurationList section */
	};
	rootObject = 847BB52724EE65AD00FDD494 /* Project object */;
}
