// !$*UTF8*$!
{
	archiveVersion = 1;
	classes = {
	};
	objectVersion = 50;
	objects = {

/* Begin PBXBuildFile section */
		84ACB2EB24EE733C0029BFE5 /* AppDelegate.swift in Sources */ = {isa = PBXBuildFile; fileRef = 84ACB2EA24EE733C0029BFE5 /* AppDelegate.swift */; };
		84ACB2ED24EE733C0029BFE5 /* SceneDelegate.swift in Sources */ = {isa = PBXBuildFile; fileRef = 84ACB2EC24EE733C0029BFE5 /* SceneDelegate.swift */; };
		84ACB2EF24EE733C0029BFE5 /* ViewController.swift in Sources */ = {isa = PBXBuildFile; fileRef = 84ACB2EE24EE733C0029BFE5 /* ViewController.swift */; };
		84ACB2F224EE733C0029BFE5 /* Main.storyboard in Resources */ = {isa = PBXBuildFile; fileRef = 84ACB2F024EE733C0029BFE5 /* Main.storyboard */; };
		84ACB2F424EE733D0029BFE5 /* Assets.xcassets in Resources */ = {isa = PBXBuildFile; fileRef = 84ACB2F324EE733D0029BFE5 /* Assets.xcassets */; };
		84ACB2F724EE733D0029BFE5 /* LaunchScreen.storyboard in Resources */ = {isa = PBXBuildFile; fileRef = 84ACB2F524EE733D0029BFE5 /* LaunchScreen.storyboard */; };
		84ACB30224EE733D0029BFE5 /* WebviewUITestsCheckerTests.swift in Sources */ = {isa = PBXBuildFile; fileRef = 84ACB30124EE733D0029BFE5 /* WebviewUITestsCheckerTests.swift */; };
		84ACB30D24EE733D0029BFE5 /* WebviewUITestsCheckerUITests.swift in Sources */ = {isa = PBXBuildFile; fileRef = 84ACB30C24EE733D0029BFE5 /* WebviewUITestsCheckerUITests.swift */; };
/* End PBXBuildFile section */

/* Begin PBXContainerItemProxy section */
		84ACB2FE24EE733D0029BFE5 /* PBXContainerItemProxy */ = {
			isa = PBXContainerItemProxy;
			containerPortal = 84ACB2DF24EE733C0029BFE5 /* Project object */;
			proxyType = 1;
			remoteGlobalIDString = 84ACB2E624EE733C0029BFE5;
			remoteInfo = WebviewUITestsChecker;
		};
		84ACB30924EE733D0029BFE5 /* PBXContainerItemProxy */ = {
			isa = PBXContainerItemProxy;
			containerPortal = 84ACB2DF24EE733C0029BFE5 /* Project object */;
			proxyType = 1;
			remoteGlobalIDString = 84ACB2E624EE733C0029BFE5;
			remoteInfo = WebviewUITestsChecker;
		};
/* End PBXContainerItemProxy section */

/* Begin PBXFileReference section */
		84ACB2E724EE733C0029BFE5 /* WebviewUITestsChecker.app */ = {isa = PBXFileReference; explicitFileType = wrapper.application; includeInIndex = 0; path = WebviewUITestsChecker.app; sourceTree = BUILT_PRODUCTS_DIR; };
		84ACB2EA24EE733C0029BFE5 /* AppDelegate.swift */ = {isa = PBXFileReference; lastKnownFileType = sourcecode.swift; path = AppDelegate.swift; sourceTree = "<group>"; };
		84ACB2EC24EE733C0029BFE5 /* SceneDelegate.swift */ = {isa = PBXFileReference; lastKnownFileType = sourcecode.swift; path = SceneDelegate.swift; sourceTree = "<group>"; };
		84ACB2EE24EE733C0029BFE5 /* ViewController.swift */ = {isa = PBXFileReference; lastKnownFileType = sourcecode.swift; path = ViewController.swift; sourceTree = "<group>"; };
		84ACB2F124EE733C0029BFE5 /* Base */ = {isa = PBXFileReference; lastKnownFileType = file.storyboard; name = Base; path = Base.lproj/Main.storyboard; sourceTree = "<group>"; };
		84ACB2F324EE733D0029BFE5 /* Assets.xcassets */ = {isa = PBXFileReference; lastKnownFileType = folder.assetcatalog; path = Assets.xcassets; sourceTree = "<group>"; };
		84ACB2F624EE733D0029BFE5 /* Base */ = {isa = PBXFileReference; lastKnownFileType = file.storyboard; name = Base; path = Base.lproj/LaunchScreen.storyboard; sourceTree = "<group>"; };
		84ACB2F824EE733D0029BFE5 /* Info.plist */ = {isa = PBXFileReference; lastKnownFileType = text.plist.xml; path = Info.plist; sourceTree = "<group>"; };
		84ACB2FD24EE733D0029BFE5 /* WebviewUITestsCheckerTests.xctest */ = {isa = PBXFileReference; explicitFileType = wrapper.cfbundle; includeInIndex = 0; path = WebviewUITestsCheckerTests.xctest; sourceTree = BUILT_PRODUCTS_DIR; };
		84ACB30124EE733D0029BFE5 /* WebviewUITestsCheckerTests.swift */ = {isa = PBXFileReference; lastKnownFileType = sourcecode.swift; path = WebviewUITestsCheckerTests.swift; sourceTree = "<group>"; };
		84ACB30324EE733D0029BFE5 /* Info.plist */ = {isa = PBXFileReference; lastKnownFileType = text.plist.xml; path = Info.plist; sourceTree = "<group>"; };
		84ACB30824EE733D0029BFE5 /* WebviewUITestsCheckerUITests.xctest */ = {isa = PBXFileReference; explicitFileType = wrapper.cfbundle; includeInIndex = 0; path = WebviewUITestsCheckerUITests.xctest; sourceTree = BUILT_PRODUCTS_DIR; };
		84ACB30C24EE733D0029BFE5 /* WebviewUITestsCheckerUITests.swift */ = {isa = PBXFileReference; lastKnownFileType = sourcecode.swift; path = WebviewUITestsCheckerUITests.swift; sourceTree = "<group>"; };
		84ACB30E24EE733D0029BFE5 /* Info.plist */ = {isa = PBXFileReference; lastKnownFileType = text.plist.xml; path = Info.plist; sourceTree = "<group>"; };
/* End PBXFileReference section */

/* Begin PBXFrameworksBuildPhase section */
		84ACB2E424EE733C0029BFE5 /* Frameworks */ = {
			isa = PBXFrameworksBuildPhase;
			buildActionMask = 2147483647;
			files = (
			);
			runOnlyForDeploymentPostprocessing = 0;
		};
		84ACB2FA24EE733D0029BFE5 /* Frameworks */ = {
			isa = PBXFrameworksBuildPhase;
			buildActionMask = 2147483647;
			files = (
			);
			runOnlyForDeploymentPostprocessing = 0;
		};
		84ACB30524EE733D0029BFE5 /* Frameworks */ = {
			isa = PBXFrameworksBuildPhase;
			buildActionMask = 2147483647;
			files = (
			);
			runOnlyForDeploymentPostprocessing = 0;
		};
/* End PBXFrameworksBuildPhase section */

/* Begin PBXGroup section */
		84ACB2DE24EE733C0029BFE5 = {
			isa = PBXGroup;
			children = (
				84ACB2E924EE733C0029BFE5 /* WebviewUITestsChecker */,
				84ACB30024EE733D0029BFE5 /* WebviewUITestsCheckerTests */,
				84ACB30B24EE733D0029BFE5 /* WebviewUITestsCheckerUITests */,
				84ACB2E824EE733C0029BFE5 /* Products */,
			);
			sourceTree = "<group>";
		};
		84ACB2E824EE733C0029BFE5 /* Products */ = {
			isa = PBXGroup;
			children = (
				84ACB2E724EE733C0029BFE5 /* WebviewUITestsChecker.app */,
				84ACB2FD24EE733D0029BFE5 /* WebviewUITestsCheckerTests.xctest */,
				84ACB30824EE733D0029BFE5 /* WebviewUITestsCheckerUITests.xctest */,
			);
			name = Products;
			sourceTree = "<group>";
		};
		84ACB2E924EE733C0029BFE5 /* WebviewUITestsChecker */ = {
			isa = PBXGroup;
			children = (
				84ACB2EA24EE733C0029BFE5 /* AppDelegate.swift */,
				84ACB2EC24EE733C0029BFE5 /* SceneDelegate.swift */,
				84ACB2EE24EE733C0029BFE5 /* ViewController.swift */,
				84ACB2F024EE733C0029BFE5 /* Main.storyboard */,
				84ACB2F324EE733D0029BFE5 /* Assets.xcassets */,
				84ACB2F524EE733D0029BFE5 /* LaunchScreen.storyboard */,
				84ACB2F824EE733D0029BFE5 /* Info.plist */,
			);
			path = WebviewUITestsChecker;
			sourceTree = "<group>";
		};
		84ACB30024EE733D0029BFE5 /* WebviewUITestsCheckerTests */ = {
			isa = PBXGroup;
			children = (
				84ACB30124EE733D0029BFE5 /* WebviewUITestsCheckerTests.swift */,
				84ACB30324EE733D0029BFE5 /* Info.plist */,
			);
			path = WebviewUITestsCheckerTests;
			sourceTree = "<group>";
		};
		84ACB30B24EE733D0029BFE5 /* WebviewUITestsCheckerUITests */ = {
			isa = PBXGroup;
			children = (
				84ACB30C24EE733D0029BFE5 /* WebviewUITestsCheckerUITests.swift */,
				84ACB30E24EE733D0029BFE5 /* Info.plist */,
			);
			path = WebviewUITestsCheckerUITests;
			sourceTree = "<group>";
		};
/* End PBXGroup section */

/* Begin PBXNativeTarget section */
		84ACB2E624EE733C0029BFE5 /* WebviewUITestsChecker */ = {
			isa = PBXNativeTarget;
			buildConfigurationList = 84ACB31124EE733D0029BFE5 /* Build configuration list for PBXNativeTarget "WebviewUITestsChecker" */;
			buildPhases = (
				84ACB2E324EE733C0029BFE5 /* Sources */,
				84ACB2E424EE733C0029BFE5 /* Frameworks */,
				84ACB2E524EE733C0029BFE5 /* Resources */,
			);
			buildRules = (
			);
			dependencies = (
			);
			name = WebviewUITestsChecker;
			productName = WebviewUITestsChecker;
			productReference = 84ACB2E724EE733C0029BFE5 /* WebviewUITestsChecker.app */;
			productType = "com.apple.product-type.application";
		};
		84ACB2FC24EE733D0029BFE5 /* WebviewUITestsCheckerTests */ = {
			isa = PBXNativeTarget;
			buildConfigurationList = 84ACB31424EE733D0029BFE5 /* Build configuration list for PBXNativeTarget "WebviewUITestsCheckerTests" */;
			buildPhases = (
				84ACB2F924EE733D0029BFE5 /* Sources */,
				84ACB2FA24EE733D0029BFE5 /* Frameworks */,
				84ACB2FB24EE733D0029BFE5 /* Resources */,
			);
			buildRules = (
			);
			dependencies = (
				84ACB2FF24EE733D0029BFE5 /* PBXTargetDependency */,
			);
			name = WebviewUITestsCheckerTests;
			productName = WebviewUITestsCheckerTests;
			productReference = 84ACB2FD24EE733D0029BFE5 /* WebviewUITestsCheckerTests.xctest */;
			productType = "com.apple.product-type.bundle.unit-test";
		};
		84ACB30724EE733D0029BFE5 /* WebviewUITestsCheckerUITests */ = {
			isa = PBXNativeTarget;
			buildConfigurationList = 84ACB31724EE733D0029BFE5 /* Build configuration list for PBXNativeTarget "WebviewUITestsCheckerUITests" */;
			buildPhases = (
				84ACB30424EE733D0029BFE5 /* Sources */,
				84ACB30524EE733D0029BFE5 /* Frameworks */,
				84ACB30624EE733D0029BFE5 /* Resources */,
			);
			buildRules = (
			);
			dependencies = (
				84ACB30A24EE733D0029BFE5 /* PBXTargetDependency */,
			);
			name = WebviewUITestsCheckerUITests;
			productName = WebviewUITestsCheckerUITests;
			productReference = 84ACB30824EE733D0029BFE5 /* WebviewUITestsCheckerUITests.xctest */;
			productType = "com.apple.product-type.bundle.ui-testing";
		};
/* End PBXNativeTarget section */

/* Begin PBXProject section */
		84ACB2DF24EE733C0029BFE5 /* Project object */ = {
			isa = PBXProject;
			attributes = {
				LastSwiftUpdateCheck = 1130;
				LastUpgradeCheck = 1130;
				ORGANIZATIONNAME = kanari3;
				TargetAttributes = {
					84ACB2E624EE733C0029BFE5 = {
						CreatedOnToolsVersion = 11.3.1;
					};
					84ACB2FC24EE733D0029BFE5 = {
						CreatedOnToolsVersion = 11.3.1;
						TestTargetID = 84ACB2E624EE733C0029BFE5;
					};
					84ACB30724EE733D0029BFE5 = {
						CreatedOnToolsVersion = 11.3.1;
						TestTargetID = 84ACB2E624EE733C0029BFE5;
					};
				};
			};
			buildConfigurationList = 84ACB2E224EE733C0029BFE5 /* Build configuration list for PBXProject "WebviewUITestsChecker" */;
			compatibilityVersion = "Xcode 9.3";
			developmentRegion = en;
			hasScannedForEncodings = 0;
			knownRegions = (
				en,
				Base,
			);
			mainGroup = 84ACB2DE24EE733C0029BFE5;
			productRefGroup = 84ACB2E824EE733C0029BFE5 /* Products */;
			projectDirPath = "";
			projectRoot = "";
			targets = (
				84ACB2E624EE733C0029BFE5 /* WebviewUITestsChecker */,
				84ACB2FC24EE733D0029BFE5 /* WebviewUITestsCheckerTests */,
				84ACB30724EE733D0029BFE5 /* WebviewUITestsCheckerUITests */,
			);
		};
/* End PBXProject section */

/* Begin PBXResourcesBuildPhase section */
		84ACB2E524EE733C0029BFE5 /* Resources */ = {
			isa = PBXResourcesBuildPhase;
			buildActionMask = 2147483647;
			files = (
				84ACB2F724EE733D0029BFE5 /* LaunchScreen.storyboard in Resources */,
				84ACB2F424EE733D0029BFE5 /* Assets.xcassets in Resources */,
				84ACB2F224EE733C0029BFE5 /* Main.storyboard in Resources */,
			);
			runOnlyForDeploymentPostprocessing = 0;
		};
		84ACB2FB24EE733D0029BFE5 /* Resources */ = {
			isa = PBXResourcesBuildPhase;
			buildActionMask = 2147483647;
			files = (
			);
			runOnlyForDeploymentPostprocessing = 0;
		};
		84ACB30624EE733D0029BFE5 /* Resources */ = {
			isa = PBXResourcesBuildPhase;
			buildActionMask = 2147483647;
			files = (
			);
			runOnlyForDeploymentPostprocessing = 0;
		};
/* End PBXResourcesBuildPhase section */

/* Begin PBXSourcesBuildPhase section */
		84ACB2E324EE733C0029BFE5 /* Sources */ = {
			isa = PBXSourcesBuildPhase;
			buildActionMask = 2147483647;
			files = (
				84ACB2EF24EE733C0029BFE5 /* ViewController.swift in Sources */,
				84ACB2EB24EE733C0029BFE5 /* AppDelegate.swift in Sources */,
				84ACB2ED24EE733C0029BFE5 /* SceneDelegate.swift in Sources */,
			);
			runOnlyForDeploymentPostprocessing = 0;
		};
		84ACB2F924EE733D0029BFE5 /* Sources */ = {
			isa = PBXSourcesBuildPhase;
			buildActionMask = 2147483647;
			files = (
				84ACB30224EE733D0029BFE5 /* WebviewUITestsCheckerTests.swift in Sources */,
			);
			runOnlyForDeploymentPostprocessing = 0;
		};
		84ACB30424EE733D0029BFE5 /* Sources */ = {
			isa = PBXSourcesBuildPhase;
			buildActionMask = 2147483647;
			files = (
				84ACB30D24EE733D0029BFE5 /* WebviewUITestsCheckerUITests.swift in Sources */,
			);
			runOnlyForDeploymentPostprocessing = 0;
		};
/* End PBXSourcesBuildPhase section */

/* Begin PBXTargetDependency section */
		84ACB2FF24EE733D0029BFE5 /* PBXTargetDependency */ = {
			isa = PBXTargetDependency;
			target = 84ACB2E624EE733C0029BFE5 /* WebviewUITestsChecker */;
			targetProxy = 84ACB2FE24EE733D0029BFE5 /* PBXContainerItemProxy */;
		};
		84ACB30A24EE733D0029BFE5 /* PBXTargetDependency */ = {
			isa = PBXTargetDependency;
			target = 84ACB2E624EE733C0029BFE5 /* WebviewUITestsChecker */;
			targetProxy = 84ACB30924EE733D0029BFE5 /* PBXContainerItemProxy */;
		};
/* End PBXTargetDependency section */

/* Begin PBXVariantGroup section */
		84ACB2F024EE733C0029BFE5 /* Main.storyboard */ = {
			isa = PBXVariantGroup;
			children = (
				84ACB2F124EE733C0029BFE5 /* Base */,
			);
			name = Main.storyboard;
			sourceTree = "<group>";
		};
		84ACB2F524EE733D0029BFE5 /* LaunchScreen.storyboard */ = {
			isa = PBXVariantGroup;
			children = (
				84ACB2F624EE733D0029BFE5 /* Base */,
			);
			name = LaunchScreen.storyboard;
			sourceTree = "<group>";
		};
/* End PBXVariantGroup section */

/* Begin XCBuildConfiguration section */
		84ACB30F24EE733D0029BFE5 /* Debug */ = {
			isa = XCBuildConfiguration;
			buildSettings = {
				ALWAYS_SEARCH_USER_PATHS = NO;
				CLANG_ANALYZER_NONNULL = YES;
				CLANG_ANALYZER_NUMBER_OBJECT_CONVERSION = YES_AGGRESSIVE;
				CLANG_CXX_LANGUAGE_STANDARD = "gnu++14";
				CLANG_CXX_LIBRARY = "libc++";
				CLANG_ENABLE_MODULES = YES;
				CLANG_ENABLE_OBJC_ARC = YES;
				CLANG_ENABLE_OBJC_WEAK = YES;
				CLANG_WARN_BLOCK_CAPTURE_AUTORELEASING = YES;
				CLANG_WARN_BOOL_CONVERSION = YES;
				CLANG_WARN_COMMA = YES;
				CLANG_WARN_CONSTANT_CONVERSION = YES;
				CLANG_WARN_DEPRECATED_OBJC_IMPLEMENTATIONS = YES;
				CLANG_WARN_DIRECT_OBJC_ISA_USAGE = YES_ERROR;
				CLANG_WARN_DOCUMENTATION_COMMENTS = YES;
				CLANG_WARN_EMPTY_BODY = YES;
				CLANG_WARN_ENUM_CONVERSION = YES;
				CLANG_WARN_INFINITE_RECURSION = YES;
				CLANG_WARN_INT_CONVERSION = YES;
				CLANG_WARN_NON_LITERAL_NULL_CONVERSION = YES;
				CLANG_WARN_OBJC_IMPLICIT_RETAIN_SELF = YES;
				CLANG_WARN_OBJC_LITERAL_CONVERSION = YES;
				CLANG_WARN_OBJC_ROOT_CLASS = YES_ERROR;
				CLANG_WARN_RANGE_LOOP_ANALYSIS = YES;
				CLANG_WARN_STRICT_PROTOTYPES = YES;
				CLANG_WARN_SUSPICIOUS_MOVE = YES;
				CLANG_WARN_UNGUARDED_AVAILABILITY = YES_AGGRESSIVE;
				CLANG_WARN_UNREACHABLE_CODE = YES;
				CLANG_WARN__DUPLICATE_METHOD_MATCH = YES;
				COPY_PHASE_STRIP = NO;
				DEBUG_INFORMATION_FORMAT = dwarf;
				ENABLE_STRICT_OBJC_MSGSEND = YES;
				ENABLE_TESTABILITY = YES;
				GCC_C_LANGUAGE_STANDARD = gnu11;
				GCC_DYNAMIC_NO_PIC = NO;
				GCC_NO_COMMON_BLOCKS = YES;
				GCC_OPTIMIZATION_LEVEL = 0;
				GCC_PREPROCESSOR_DEFINITIONS = (
					"DEBUG=1",
					"$(inherited)",
				);
				GCC_WARN_64_TO_32_BIT_CONVERSION = YES;
				GCC_WARN_ABOUT_RETURN_TYPE = YES_ERROR;
				GCC_WARN_UNDECLARED_SELECTOR = YES;
				GCC_WARN_UNINITIALIZED_AUTOS = YES_AGGRESSIVE;
				GCC_WARN_UNUSED_FUNCTION = YES;
				GCC_WARN_UNUSED_VARIABLE = YES;
				IPHONEOS_DEPLOYMENT_TARGET = 13.2;
				MTL_ENABLE_DEBUG_INFO = INCLUDE_SOURCE;
				MTL_FAST_MATH = YES;
				ONLY_ACTIVE_ARCH = YES;
				SDKROOT = iphoneos;
				SWIFT_ACTIVE_COMPILATION_CONDITIONS = DEBUG;
				SWIFT_OPTIMIZATION_LEVEL = "-Onone";
			};
			name = Debug;
		};
		84ACB31024EE733D0029BFE5 /* Release */ = {
			isa = XCBuildConfiguration;
			buildSettings = {
				ALWAYS_SEARCH_USER_PATHS = NO;
				CLANG_ANALYZER_NONNULL = YES;
				CLANG_ANALYZER_NUMBER_OBJECT_CONVERSION = YES_AGGRESSIVE;
				CLANG_CXX_LANGUAGE_STANDARD = "gnu++14";
				CLANG_CXX_LIBRARY = "libc++";
				CLANG_ENABLE_MODULES = YES;
				CLANG_ENABLE_OBJC_ARC = YES;
				CLANG_ENABLE_OBJC_WEAK = YES;
				CLANG_WARN_BLOCK_CAPTURE_AUTORELEASING = YES;
				CLANG_WARN_BOOL_CONVERSION = YES;
				CLANG_WARN_COMMA = YES;
				CLANG_WARN_CONSTANT_CONVERSION = YES;
				CLANG_WARN_DEPRECATED_OBJC_IMPLEMENTATIONS = YES;
				CLANG_WARN_DIRECT_OBJC_ISA_USAGE = YES_ERROR;
				CLANG_WARN_DOCUMENTATION_COMMENTS = YES;
				CLANG_WARN_EMPTY_BODY = YES;
				CLANG_WARN_ENUM_CONVERSION = YES;
				CLANG_WARN_INFINITE_RECURSION = YES;
				CLANG_WARN_INT_CONVERSION = YES;
				CLANG_WARN_NON_LITERAL_NULL_CONVERSION = YES;
				CLANG_WARN_OBJC_IMPLICIT_RETAIN_SELF = YES;
				CLANG_WARN_OBJC_LITERAL_CONVERSION = YES;
				CLANG_WARN_OBJC_ROOT_CLASS = YES_ERROR;
				CLANG_WARN_RANGE_LOOP_ANALYSIS = YES;
				CLANG_WARN_STRICT_PROTOTYPES = YES;
				CLANG_WARN_SUSPICIOUS_MOVE = YES;
				CLANG_WARN_UNGUARDED_AVAILABILITY = YES_AGGRESSIVE;
				CLANG_WARN_UNREACHABLE_CODE = YES;
				CLANG_WARN__DUPLICATE_METHOD_MATCH = YES;
				COPY_PHASE_STRIP = NO;
				DEBUG_INFORMATION_FORMAT = "dwarf-with-dsym";
				ENABLE_NS_ASSERTIONS = NO;
				ENABLE_STRICT_OBJC_MSGSEND = YES;
				GCC_C_LANGUAGE_STANDARD = gnu11;
				GCC_NO_COMMON_BLOCKS = YES;
				GCC_WARN_64_TO_32_BIT_CONVERSION = YES;
				GCC_WARN_ABOUT_RETURN_TYPE = YES_ERROR;
				GCC_WARN_UNDECLARED_SELECTOR = YES;
				GCC_WARN_UNINITIALIZED_AUTOS = YES_AGGRESSIVE;
				GCC_WARN_UNUSED_FUNCTION = YES;
				GCC_WARN_UNUSED_VARIABLE = YES;
				IPHONEOS_DEPLOYMENT_TARGET = 13.2;
				MTL_ENABLE_DEBUG_INFO = NO;
				MTL_FAST_MATH = YES;
				SDKROOT = iphoneos;
				SWIFT_COMPILATION_MODE = wholemodule;
				SWIFT_OPTIMIZATION_LEVEL = "-O";
				VALIDATE_PRODUCT = YES;
			};
			name = Release;
		};
		84ACB31224EE733D0029BFE5 /* Debug */ = {
			isa = XCBuildConfiguration;
			buildSettings = {
				ASSETCATALOG_COMPILER_APPICON_NAME = AppIcon;
				CODE_SIGN_IDENTITY = "iPhone Developer";
				CODE_SIGN_STYLE = Manual;
				DEVELOPMENT_TEAM = D6Y74KJ2UA;
				INFOPLIST_FILE = WebviewUITestsChecker/Info.plist;
				LD_RUNPATH_SEARCH_PATHS = (
					"$(inherited)",
					"@executable_path/Frameworks",
				);
				PRODUCT_BUNDLE_IDENTIFIER = kanari3.WebviewUITestsChecker;
				PRODUCT_NAME = "$(TARGET_NAME)";
				PROVISIONING_PROFILE_SPECIFIER = "Webview UITests Checker develop";
				SWIFT_VERSION = 5.0;
				TARGETED_DEVICE_FAMILY = "1,2";
			};
			name = Debug;
		};
		84ACB31324EE733D0029BFE5 /* Release */ = {
			isa = XCBuildConfiguration;
			buildSettings = {
				ASSETCATALOG_COMPILER_APPICON_NAME = AppIcon;
				CODE_SIGN_IDENTITY = "iPhone Developer";
				CODE_SIGN_STYLE = Manual;
				DEVELOPMENT_TEAM = D6Y74KJ2UA;
				INFOPLIST_FILE = WebviewUITestsChecker/Info.plist;
				LD_RUNPATH_SEARCH_PATHS = (
					"$(inherited)",
					"@executable_path/Frameworks",
				);
				PRODUCT_BUNDLE_IDENTIFIER = kanari3.WebviewUITestsChecker;
				PRODUCT_NAME = "$(TARGET_NAME)";
				PROVISIONING_PROFILE_SPECIFIER = "Webview UITests Checker develop";
				SWIFT_VERSION = 5.0;
				TARGETED_DEVICE_FAMILY = "1,2";
			};
			name = Release;
		};
		84ACB31524EE733D0029BFE5 /* Debug */ = {
			isa = XCBuildConfiguration;
			buildSettings = {
				ALWAYS_EMBED_SWIFT_STANDARD_LIBRARIES = YES;
				BUNDLE_LOADER = "$(TEST_HOST)";
				CODE_SIGN_IDENTITY = "iPhone Developer";
				CODE_SIGN_STYLE = Manual;
				DEVELOPMENT_TEAM = D6Y74KJ2UA;
				INFOPLIST_FILE = WebviewUITestsCheckerTests/Info.plist;
				IPHONEOS_DEPLOYMENT_TARGET = 13.2;
				LD_RUNPATH_SEARCH_PATHS = (
					"$(inherited)",
					"@executable_path/Frameworks",
					"@loader_path/Frameworks",
				);
				PRODUCT_BUNDLE_IDENTIFIER = kanari3.WebviewUITestsCheckerTests;
				PRODUCT_NAME = "$(TARGET_NAME)";
				PROVISIONING_PROFILE_SPECIFIER = "";
				"PROVISIONING_PROFILE_SPECIFIER[sdk=macosx*]" = "";
				SWIFT_VERSION = 5.0;
				TARGETED_DEVICE_FAMILY = "1,2";
				TEST_HOST = "$(BUILT_PRODUCTS_DIR)/WebviewUITestsChecker.app/WebviewUITestsChecker";
			};
			name = Debug;
		};
		84ACB31624EE733D0029BFE5 /* Release */ = {
			isa = XCBuildConfiguration;
			buildSettings = {
				ALWAYS_EMBED_SWIFT_STANDARD_LIBRARIES = YES;
				BUNDLE_LOADER = "$(TEST_HOST)";
				CODE_SIGN_IDENTITY = "iPhone Developer";
				CODE_SIGN_STYLE = Manual;
				DEVELOPMENT_TEAM = D6Y74KJ2UA;
				INFOPLIST_FILE = WebviewUITestsCheckerTests/Info.plist;
				IPHONEOS_DEPLOYMENT_TARGET = 13.2;
				LD_RUNPATH_SEARCH_PATHS = (
					"$(inherited)",
					"@executable_path/Frameworks",
					"@loader_path/Frameworks",
				);
				PRODUCT_BUNDLE_IDENTIFIER = kanari3.WebviewUITestsCheckerTests;
				PRODUCT_NAME = "$(TARGET_NAME)";
				PROVISIONING_PROFILE_SPECIFIER = "";
				"PROVISIONING_PROFILE_SPECIFIER[sdk=macosx*]" = "";
				SWIFT_VERSION = 5.0;
				TARGETED_DEVICE_FAMILY = "1,2";
				TEST_HOST = "$(BUILT_PRODUCTS_DIR)/WebviewUITestsChecker.app/WebviewUITestsChecker";
			};
			name = Release;
		};
		84ACB31824EE733D0029BFE5 /* Debug */ = {
			isa = XCBuildConfiguration;
			buildSettings = {
				ALWAYS_EMBED_SWIFT_STANDARD_LIBRARIES = YES;
				CODE_SIGN_IDENTITY = "iPhone Developer";
				CODE_SIGN_STYLE = Manual;
				DEVELOPMENT_TEAM = D6Y74KJ2UA;
				INFOPLIST_FILE = WebviewUITestsCheckerUITests/Info.plist;
				LD_RUNPATH_SEARCH_PATHS = (
					"$(inherited)",
					"@executable_path/Frameworks",
					"@loader_path/Frameworks",
				);
				PRODUCT_BUNDLE_IDENTIFIER = kanari3.WebviewUITestsCheckerUITests;
				PRODUCT_NAME = "$(TARGET_NAME)";
				PROVISIONING_PROFILE_SPECIFIER = "Webview UITests Checker UITests develop";
				"PROVISIONING_PROFILE_SPECIFIER[sdk=macosx*]" = "";
				SWIFT_VERSION = 5.0;
				TARGETED_DEVICE_FAMILY = "1,2";
				TEST_TARGET_NAME = WebviewUITestsChecker;
			};
			name = Debug;
		};
		84ACB31924EE733D0029BFE5 /* Release */ = {
			isa = XCBuildConfiguration;
			buildSettings = {
				ALWAYS_EMBED_SWIFT_STANDARD_LIBRARIES = YES;
				CODE_SIGN_IDENTITY = "iPhone Developer";
				CODE_SIGN_STYLE = Manual;
				DEVELOPMENT_TEAM = D6Y74KJ2UA;
				INFOPLIST_FILE = WebviewUITestsCheckerUITests/Info.plist;
				LD_RUNPATH_SEARCH_PATHS = (
					"$(inherited)",
					"@executable_path/Frameworks",
					"@loader_path/Frameworks",
				);
				PRODUCT_BUNDLE_IDENTIFIER = kanari3.WebviewUITestsCheckerUITests;
				PRODUCT_NAME = "$(TARGET_NAME)";
				PROVISIONING_PROFILE_SPECIFIER = "Webview UITests Checker UITests develop";
				"PROVISIONING_PROFILE_SPECIFIER[sdk=macosx*]" = "";
				SWIFT_VERSION = 5.0;
				TARGETED_DEVICE_FAMILY = "1,2";
				TEST_TARGET_NAME = WebviewUITestsChecker;
			};
			name = Release;
		};
/* End XCBuildConfiguration section */

/* Begin XCConfigurationList section */
		84ACB2E224EE733C0029BFE5 /* Build configuration list for PBXProject "WebviewUITestsChecker" */ = {
			isa = XCConfigurationList;
			buildConfigurations = (
				84ACB30F24EE733D0029BFE5 /* Debug */,
				84ACB31024EE733D0029BFE5 /* Release */,
			);
			defaultConfigurationIsVisible = 0;
			defaultConfigurationName = Release;
		};
		84ACB31124EE733D0029BFE5 /* Build configuration list for PBXNativeTarget "WebviewUITestsChecker" */ = {
			isa = XCConfigurationList;
			buildConfigurations = (
				84ACB31224EE733D0029BFE5 /* Debug */,
				84ACB31324EE733D0029BFE5 /* Release */,
			);
			defaultConfigurationIsVisible = 0;
			defaultConfigurationName = Release;
		};
		84ACB31424EE733D0029BFE5 /* Build configuration list for PBXNativeTarget "WebviewUITestsCheckerTests" */ = {
			isa = XCConfigurationList;
			buildConfigurations = (
				84ACB31524EE733D0029BFE5 /* Debug */,
				84ACB31624EE733D0029BFE5 /* Release */,
			);
			defaultConfigurationIsVisible = 0;
			defaultConfigurationName = Release;
		};
		84ACB31724EE733D0029BFE5 /* Build configuration list for PBXNativeTarget "WebviewUITestsCheckerUITests" */ = {
			isa = XCConfigurationList;
			buildConfigurations = (
				84ACB31824EE733D0029BFE5 /* Debug */,
				84ACB31924EE733D0029BFE5 /* Release */,
			);
			defaultConfigurationIsVisible = 0;
			defaultConfigurationName = Release;
		};
/* End XCConfigurationList section */
	};
	rootObject = 84ACB2DF24EE733C0029BFE5 /* Project object */;
}
